
Microsoft Visual Studio Solution File, Format Version 12.00
# Visual Studio 15
VisualStudioVersion = 15.0.28307.168
MinimumVisualStudioVersion = 10.0.40219.1
Project("{8BC9CEB8-8B4A-11D0-8D11-00A0C91BC942}") = "InsertionSort", "InsertionSort\InsertionSort.vcxproj", "{7404FDAA-A80D-47C3-8B4A-C30847BEC2F2}"
EndProject
Project("{8BC9CEB8-8B4A-11D0-8D11-00A0C91BC942}") = "QuickSort", "QuickSort\QuickSort.vcxproj", "{A64D5893-D9EE-4B9B-BE2A-8EE96D2C06D0}"
EndProject
Project("{8BC9CEB8-8B4A-11D0-8D11-00A0C91BC942}") = "BubbleSort", "BubbleSort\BubbleSort.vcxproj", "{6D66ACEB-2E5C-4E60-ABFA-B3B80D96B2F9}"
EndProject
Project("{8BC9CEB8-8B4A-11D0-8D11-00A0C91BC942}") = "BinaryTree", "BinaryTree\BinaryTree.vcxproj", "{E0F70F91-51DE-4A28-A98F-C39DFE235C8D}"
EndProject
Project("{8BC9CEB8-8B4A-11D0-8D11-00A0C91BC942}") = "HashTable", "HashTable\HashTable.vcxproj", "{EB03CA5A-3E83-4037-84D4-A2A63FCB2CA2}"
EndProject
Project("{8BC9CEB8-8B4A-11D0-8D11-00A0C91BC942}") = "ReverseSort", "ReverseSort\ReverseSort.vcxproj", "{4C846EA8-1ED8-4C72-925C-D87035DA0AC0}"
EndProject
Project("{8BC9CEB8-8B4A-11D0-8D11-00A0C91BC942}") = "ZipString", "ZipString\ZipString.vcxproj", "{FDECDB41-A27D-4B01-BF0F-7DA48B3714C7}"
EndProject
Project("{8BC9CEB8-8B4A-11D0-8D11-00A0C91BC942}") = "DoubleLinkedList", "DoubleLinkedList\DoubleLinkedList.vcxproj", "{274C540A-AB6D-4848-9A43-4C417E37DEB7}"
EndProject
Global
	GlobalSection(SolutionConfigurationPlatforms) = preSolution
		Debug|x64 = Debug|x64
		Debug|x86 = Debug|x86
		Release|x64 = Release|x64
		Release|x86 = Release|x86
	EndGlobalSection
	GlobalSection(ProjectConfigurationPlatforms) = postSolution
		{7404FDAA-A80D-47C3-8B4A-C30847BEC2F2}.Debug|x64.ActiveCfg = Debug|x64
		{7404FDAA-A80D-47C3-8B4A-C30847BEC2F2}.Debug|x64.Build.0 = Debug|x64
		{7404FDAA-A80D-47C3-8B4A-C30847BEC2F2}.Debug|x86.ActiveCfg = Debug|Win32
		{7404FDAA-A80D-47C3-8B4A-C30847BEC2F2}.Debug|x86.Build.0 = Debug|Win32
		{7404FDAA-A80D-47C3-8B4A-C30847BEC2F2}.Release|x64.ActiveCfg = Release|x64
		{7404FDAA-A80D-47C3-8B4A-C30847BEC2F2}.Release|x64.Build.0 = Release|x64
		{7404FDAA-A80D-47C3-8B4A-C30847BEC2F2}.Release|x86.ActiveCfg = Release|Win32
		{7404FDAA-A80D-47C3-8B4A-C30847BEC2F2}.Release|x86.Build.0 = Release|Win32
		{A64D5893-D9EE-4B9B-BE2A-8EE96D2C06D0}.Debug|x64.ActiveCfg = Debug|x64
		{A64D5893-D9EE-4B9B-BE2A-8EE96D2C06D0}.Debug|x64.Build.0 = Debug|x64
		{A64D5893-D9EE-4B9B-BE2A-8EE96D2C06D0}.Debug|x86.ActiveCfg = Debug|Win32
		{A64D5893-D9EE-4B9B-BE2A-8EE96D2C06D0}.Debug|x86.Build.0 = Debug|Win32
		{A64D5893-D9EE-4B9B-BE2A-8EE96D2C06D0}.Release|x64.ActiveCfg = Release|x64
		{A64D5893-D9EE-4B9B-BE2A-8EE96D2C06D0}.Release|x64.Build.0 = Release|x64
		{A64D5893-D9EE-4B9B-BE2A-8EE96D2C06D0}.Release|x86.ActiveCfg = Release|Win32
		{A64D5893-D9EE-4B9B-BE2A-8EE96D2C06D0}.Release|x86.Build.0 = Release|Win32
		{6D66ACEB-2E5C-4E60-ABFA-B3B80D96B2F9}.Debug|x64.ActiveCfg = Debug|x64
		{6D66ACEB-2E5C-4E60-ABFA-B3B80D96B2F9}.Debug|x64.Build.0 = Debug|x64
		{6D66ACEB-2E5C-4E60-ABFA-B3B80D96B2F9}.Debug|x86.ActiveCfg = Debug|Win32
		{6D66ACEB-2E5C-4E60-ABFA-B3B80D96B2F9}.Debug|x86.Build.0 = Debug|Win32
		{6D66ACEB-2E5C-4E60-ABFA-B3B80D96B2F9}.Release|x64.ActiveCfg = Release|x64
		{6D66ACEB-2E5C-4E60-ABFA-B3B80D96B2F9}.Release|x64.Build.0 = Release|x64
		{6D66ACEB-2E5C-4E60-ABFA-B3B80D96B2F9}.Release|x86.ActiveCfg = Release|Win32
		{6D66ACEB-2E5C-4E60-ABFA-B3B80D96B2F9}.Release|x86.Build.0 = Release|Win32
		{E0F70F91-51DE-4A28-A98F-C39DFE235C8D}.Debug|x64.ActiveCfg = Debug|x64
		{E0F70F91-51DE-4A28-A98F-C39DFE235C8D}.Debug|x64.Build.0 = Debug|x64
		{E0F70F91-51DE-4A28-A98F-C39DFE235C8D}.Debug|x86.ActiveCfg = Debug|Win32
		{E0F70F91-51DE-4A28-A98F-C39DFE235C8D}.Debug|x86.Build.0 = Debug|Win32
		{E0F70F91-51DE-4A28-A98F-C39DFE235C8D}.Release|x64.ActiveCfg = Release|x64
		{E0F70F91-51DE-4A28-A98F-C39DFE235C8D}.Release|x64.Build.0 = Release|x64
		{E0F70F91-51DE-4A28-A98F-C39DFE235C8D}.Release|x86.ActiveCfg = Release|Win32
		{E0F70F91-51DE-4A28-A98F-C39DFE235C8D}.Release|x86.Build.0 = Release|Win32
		{EB03CA5A-3E83-4037-84D4-A2A63FCB2CA2}.Debug|x64.ActiveCfg = Debug|x64
		{EB03CA5A-3E83-4037-84D4-A2A63FCB2CA2}.Debug|x64.Build.0 = Debug|x64
		{EB03CA5A-3E83-4037-84D4-A2A63FCB2CA2}.Debug|x86.ActiveCfg = Debug|Win32
		{EB03CA5A-3E83-4037-84D4-A2A63FCB2CA2}.Debug|x86.Build.0 = Debug|Win32
		{EB03CA5A-3E83-4037-84D4-A2A63FCB2CA2}.Release|x64.ActiveCfg = Release|x64
		{EB03CA5A-3E83-4037-84D4-A2A63FCB2CA2}.Release|x64.Build.0 = Release|x64
		{EB03CA5A-3E83-4037-84D4-A2A63FCB2CA2}.Release|x86.ActiveCfg = Release|Win32
		{EB03CA5A-3E83-4037-84D4-A2A63FCB2CA2}.Release|x86.Build.0 = Release|Win32
		{4C846EA8-1ED8-4C72-925C-D87035DA0AC0}.Debug|x64.ActiveCfg = Debug|x64
		{4C846EA8-1ED8-4C72-925C-D87035DA0AC0}.Debug|x64.Build.0 = Debug|x64
		{4C846EA8-1ED8-4C72-925C-D87035DA0AC0}.Debug|x86.ActiveCfg = Debug|Win32
		{4C846EA8-1ED8-4C72-925C-D87035DA0AC0}.Debug|x86.Build.0 = Debug|Win32
		{4C846EA8-1ED8-4C72-925C-D87035DA0AC0}.Release|x64.ActiveCfg = Release|x64
		{4C846EA8-1ED8-4C72-925C-D87035DA0AC0}.Release|x64.Build.0 = Release|x64
		{4C846EA8-1ED8-4C72-925C-D87035DA0AC0}.Release|x86.ActiveCfg = Release|Win32
		{4C846EA8-1ED8-4C72-925C-D87035DA0AC0}.Release|x86.Build.0 = Release|Win32
		{FDECDB41-A27D-4B01-BF0F-7DA48B3714C7}.Debug|x64.ActiveCfg = Debug|x64
		{FDECDB41-A27D-4B01-BF0F-7DA48B3714C7}.Debug|x64.Build.0 = Debug|x64
		{FDECDB41-A27D-4B01-BF0F-7DA48B3714C7}.Debug|x86.ActiveCfg = Debug|Win32
		{FDECDB41-A27D-4B01-BF0F-7DA48B3714C7}.Debug|x86.Build.0 = Debug|Win32
		{FDECDB41-A27D-4B01-BF0F-7DA48B3714C7}.Release|x64.ActiveCfg = Release|x64
		{FDECDB41-A27D-4B01-BF0F-7DA48B3714C7}.Release|x64.Build.0 = Release|x64
		{FDECDB41-A27D-4B01-BF0F-7DA48B3714C7}.Release|x86.ActiveCfg = Release|Win32
		{FDECDB41-A27D-4B01-BF0F-7DA48B3714C7}.Release|x86.Build.0 = Release|Win32
		{274C540A-AB6D-4848-9A43-4C417E37DEB7}.Debug|x64.ActiveCfg = Debug|x64
		{274C540A-AB6D-4848-9A43-4C417E37DEB7}.Debug|x64.Build.0 = Debug|x64
		{274C540A-AB6D-4848-9A43-4C417E37DEB7}.Debug|x86.ActiveCfg = Debug|Win32
		{274C540A-AB6D-4848-9A43-4C417E37DEB7}.Debug|x86.Build.0 = Debug|Win32
		{274C540A-AB6D-4848-9A43-4C417E37DEB7}.Release|x64.ActiveCfg = Release|x64
		{274C540A-AB6D-4848-9A43-4C417E37DEB7}.Release|x64.Build.0 = Release|x64
		{274C540A-AB6D-4848-9A43-4C417E37DEB7}.Release|x86.ActiveCfg = Release|Win32
		{274C540A-AB6D-4848-9A43-4C417E37DEB7}.Release|x86.Build.0 = Release|Win32
	EndGlobalSection
	GlobalSection(SolutionProperties) = preSolution
		HideSolutionNode = FALSE
	EndGlobalSection
	GlobalSection(ExtensibilityGlobals) = postSolution
		SolutionGuid = {392D11A6-EFF3-4768-8F56-A8ABDAA84A6F}
	EndGlobalSection
EndGlobal
